
Microsoft Visual Studio Solution File, Format Version 12.00
# Visual Studio Version 17
VisualStudioVersion = 17.6.33829.357
MinimumVisualStudioVersion = 10.0.40219.1
Project("{FAE04EC0-301F-11D3-BF4B-00C04F79EFBC}") = "DelegateBasedApp", "DelegateBasedApp\DelegateBasedApp.csproj", "{3D8E5046-6768-476C-971D-A919484AA8E9}"
EndProject
Project("{FAE04EC0-301F-11D3-BF4B-00C04F79EFBC}") = "FieldValidatorAPI", "FieldValidatorAPI\FieldValidatorAPI.csproj", "{950CD3E4-C338-4F92-9DC9-C0B3D7A1C766}"
EndProject
Global
	GlobalSection(SolutionConfigurationPlatforms) = preSolution
		Debug|Any CPU = Debug|Any CPU
		Release|Any CPU = Release|Any CPU
	EndGlobalSection
	GlobalSection(ProjectConfigurationPlatforms) = postSolution
		{3D8E5046-6768-476C-971D-A919484AA8E9}.Debug|Any CPU.ActiveCfg = Debug|Any CPU
		{3D8E5046-6768-476C-971D-A919484AA8E9}.Debug|Any CPU.Build.0 = Debug|Any CPU
		{3D8E5046-6768-476C-971D-A919484AA8E9}.Release|Any CPU.ActiveCfg = Release|Any CPU
		{3D8E5046-6768-476C-971D-A919484AA8E9}.Release|Any CPU.Build.0 = Release|Any CPU
		{950CD3E4-C338-4F92-9DC9-C0B3D7A1C766}.Debug|Any CPU.ActiveCfg = Debug|Any CPU
		{950CD3E4-C338-4F92-9DC9-C0B3D7A1C766}.Debug|Any CPU.Build.0 = Debug|Any CPU
		{950CD3E4-C338-4F92-9DC9-C0B3D7A1C766}.Release|Any CPU.ActiveCfg = Release|Any CPU
		{950CD3E4-C338-4F92-9DC9-C0B3D7A1C766}.Release|Any CPU.Build.0 = Release|Any CPU
	EndGlobalSection
	GlobalSection(SolutionProperties) = preSolution
		HideSolutionNode = FALSE
	EndGlobalSection
	GlobalSection(ExtensibilityGlobals) = postSolution
		SolutionGuid = {7F2B4FF5-FF84-4CBC-8315-DB0C455B2A55}
	EndGlobalSection
EndGlobal
